
Microsoft Visual Studio Solution File, Format Version 12.00
# Visual Studio Version 17
VisualStudioVersion = 17.0.32112.339
MinimumVisualStudioVersion = 10.0.40219.1
Project("{FAE04EC0-301F-11D3-BF4B-00C04F79EFBC}") = "xServerApi", "xServerApi\xServerApi.csproj", "{63E5D361-C976-4A5C-BD82-8580EA2836BC}"
EndProject
Global
	GlobalSection(SolutionConfigurationPlatforms) = preSolution
		Debug|Any CPU = Debug|Any CPU
		Release|Any CPU = Release|Any CPU
	EndGlobalSection
	GlobalSection(ProjectConfigurationPlatforms) = postSolution
		{63E5D361-C976-4A5C-BD82-8580EA2836BC}.Debug|Any CPU.ActiveCfg = Debug|Any CPU
		{63E5D361-C976-4A5C-BD82-8580EA2836BC}.Debug|Any CPU.Build.0 = Debug|Any CPU
		{63E5D361-C976-4A5C-BD82-8580EA2836BC}.Release|Any CPU.ActiveCfg = Release|Any CPU
		{63E5D361-C976-4A5C-BD82-8580EA2836BC}.Release|Any CPU.Build.0 = Release|Any CPU
	EndGlobalSection
	GlobalSection(SolutionProperties) = preSolution
		HideSolutionNode = FALSE
	EndGlobalSection
	GlobalSection(ExtensibilityGlobals) = postSolution
		SolutionGuid = {57232EBC-CF11-4EB5-9697-A898CB1975D2}
	EndGlobalSection
EndGlobal
